
Microsoft Visual Studio Solution File, Format Version 12.00
# Visual Studio 15
VisualStudioVersion = 15.0.28307.645
MinimumVisualStudioVersion = 10.0.40219.1
Project("{8BC9CEB8-8B4A-11D0-8D11-00A0C91BC942}") = "LearnDX12", "LearnDX12.vcxproj", "{0EEB971E-2FFC-4DCF-9D90-4FC2D420D1CC}"
EndProject
Project("{8BC9CEB8-8B4A-11D0-8D11-00A0C91BC942}") = "DX12HelloWorld", "..\DX12HelloWorld\DX12HelloWorld.vcxproj", "{F0467A37-BC77-4AF9-9EDF-95D994B7E947}"
EndProject
Global
	GlobalSection(SolutionConfigurationPlatforms) = preSolution
		Debug|x64 = Debug|x64
		Debug|x86 = Debug|x86
		Release|x64 = Release|x64
		Release|x86 = Release|x86
	EndGlobalSection
	GlobalSection(ProjectConfigurationPlatforms) = postSolution
		{0EEB971E-2FFC-4DCF-9D90-4FC2D420D1CC}.Debug|x64.ActiveCfg = Debug|x64
		{0EEB971E-2FFC-4DCF-9D90-4FC2D420D1CC}.Debug|x64.Build.0 = Debug|x64
		{0EEB971E-2FFC-4DCF-9D90-4FC2D420D1CC}.Debug|x86.ActiveCfg = Debug|Win32
		{0EEB971E-2FFC-4DCF-9D90-4FC2D420D1CC}.Debug|x86.Build.0 = Debug|Win32
		{0EEB971E-2FFC-4DCF-9D90-4FC2D420D1CC}.Release|x64.ActiveCfg = Release|x64
		{0EEB971E-2FFC-4DCF-9D90-4FC2D420D1CC}.Release|x64.Build.0 = Release|x64
		{0EEB971E-2FFC-4DCF-9D90-4FC2D420D1CC}.Release|x86.ActiveCfg = Release|Win32
		{0EEB971E-2FFC-4DCF-9D90-4FC2D420D1CC}.Release|x86.Build.0 = Release|Win32
		{F0467A37-BC77-4AF9-9EDF-95D994B7E947}.Debug|x64.ActiveCfg = Debug|x64
		{F0467A37-BC77-4AF9-9EDF-95D994B7E947}.Debug|x64.Build.0 = Debug|x64
		{F0467A37-BC77-4AF9-9EDF-95D994B7E947}.Debug|x86.ActiveCfg = Debug|Win32
		{F0467A37-BC77-4AF9-9EDF-95D994B7E947}.Debug|x86.Build.0 = Debug|Win32
		{F0467A37-BC77-4AF9-9EDF-95D994B7E947}.Release|x64.ActiveCfg = Release|x64
		{F0467A37-BC77-4AF9-9EDF-95D994B7E947}.Release|x64.Build.0 = Release|x64
		{F0467A37-BC77-4AF9-9EDF-95D994B7E947}.Release|x86.ActiveCfg = Release|Win32
		{F0467A37-BC77-4AF9-9EDF-95D994B7E947}.Release|x86.Build.0 = Release|Win32
	EndGlobalSection
	GlobalSection(SolutionProperties) = preSolution
		HideSolutionNode = FALSE
	EndGlobalSection
	GlobalSection(ExtensibilityGlobals) = postSolution
		SolutionGuid = {95C2C95A-CE56-4BEF-9B3D-54DB9DC67797}
	EndGlobalSection
EndGlobal
